Microsoft Visual Studio Solution File, Format Version 11.00
# Visual Studio 2008

Project("{FB28CC66-5F19-4D77-1BC6-926B380B82D6}") = "3D Space Shooter", "Assembly-CSharp.csproj", "{E91E264C-14CA-CBBF-6DC8-F494C61A7EAA}"
EndProject
Project("{FB28CC66-5F19-4D77-1BC6-926B380B82D6}") = "3D Space Shooter", "Assembly-CSharp-Editor.csproj", "{CDAB9DDD-2A89-DFFC-845F-D814CE929F5F}"
EndProject
Project("{FB28CC66-5F19-4D77-1BC6-926B380B82D6}") = "3D Space Shooter", "Assembly-UnityScript.unityproj", "{DE54F35F-80F4-9780-0FDE-577879A0535F}"
EndProject
Global
	GlobalSection(SolutionConfigurationPlatforms) = preSolution
		Debug|Any CPU = Debug|Any CPU
		Release|Any CPU = Release|Any CPU
	EndGlobalSection
	GlobalSection(ProjectConfigurationPlatforms) = postSolution
		{E91E264C-14CA-CBBF-6DC8-F494C61A7EAA}.Debug|Any CPU.ActiveCfg = Debug|Any CPU
		{E91E264C-14CA-CBBF-6DC8-F494C61A7EAA}.Debug|Any CPU.Build.0 = Debug|Any CPU
		{E91E264C-14CA-CBBF-6DC8-F494C61A7EAA}.Release|Any CPU.ActiveCfg = Release|Any CPU
		{E91E264C-14CA-CBBF-6DC8-F494C61A7EAA}.Release|Any CPU.Build.0 = Release|Any CPU
		{CDAB9DDD-2A89-DFFC-845F-D814CE929F5F}.Debug|Any CPU.ActiveCfg = Debug|Any CPU
		{CDAB9DDD-2A89-DFFC-845F-D814CE929F5F}.Debug|Any CPU.Build.0 = Debug|Any CPU
		{CDAB9DDD-2A89-DFFC-845F-D814CE929F5F}.Release|Any CPU.ActiveCfg = Release|Any CPU
		{CDAB9DDD-2A89-DFFC-845F-D814CE929F5F}.Release|Any CPU.Build.0 = Release|Any CPU
		{DE54F35F-80F4-9780-0FDE-577879A0535F}.Debug|Any CPU.ActiveCfg = Debug|Any CPU
		{DE54F35F-80F4-9780-0FDE-577879A0535F}.Debug|Any CPU.Build.0 = Debug|Any CPU
		{DE54F35F-80F4-9780-0FDE-577879A0535F}.Release|Any CPU.ActiveCfg = Release|Any CPU
		{DE54F35F-80F4-9780-0FDE-577879A0535F}.Release|Any CPU.Build.0 = Release|Any CPU
	EndGlobalSection
	GlobalSection(SolutionProperties) = preSolution
		HideSolutionNode = FALSE
	EndGlobalSection
																																																GlobalSection(MonoDevelopProperties) = preSolution
		StartupItem = Assembly-CSharp.csproj
		Policies = $0
		$0.TextStylePolicy = $1
		$1.inheritsSet = null
		$1.scope = text/x-csharp
		$0.CSharpFormattingPolicy = $2
		$2.inheritsSet = Mono
		$2.inheritsScope = text/x-csharp
		$2.scope = text/x-csharp
		$0.TextStylePolicy = $3
		$3.FileWidth = 120
		$3.TabWidth = 4
		$3.EolMarker = Unix
		$3.inheritsSet = Mono
		$3.inheritsScope = text/plain
		$3.scope = text/plain
	EndGlobalSection

EndGlobal
